
Microsoft Visual Studio Solution File, Format Version 12.00
# Visual Studio Version 17
VisualStudioVersion = 17.9.34622.214
MinimumVisualStudioVersion = 10.0.40219.1
Project("{FAE04EC0-301F-11D3-BF4B-00C04F79EFBC}") = "WinFormsApp3", "WinFormsApp3\WinFormsApp3.csproj", "{F645C652-067B-419C-B21D-6A935A0C4D10}"
EndProject
Global
	GlobalSection(SolutionConfigurationPlatforms) = preSolution
		Debug|Any CPU = Debug|Any CPU
		Release|Any CPU = Release|Any CPU
	EndGlobalSection
	GlobalSection(ProjectConfigurationPlatforms) = postSolution
		{F645C652-067B-419C-B21D-6A935A0C4D10}.Debug|Any CPU.ActiveCfg = Debug|Any CPU
		{F645C652-067B-419C-B21D-6A935A0C4D10}.Debug|Any CPU.Build.0 = Debug|Any CPU
		{F645C652-067B-419C-B21D-6A935A0C4D10}.Release|Any CPU.ActiveCfg = Release|Any CPU
		{F645C652-067B-419C-B21D-6A935A0C4D10}.Release|Any CPU.Build.0 = Release|Any CPU
	EndGlobalSection
	GlobalSection(SolutionProperties) = preSolution
		HideSolutionNode = FALSE
	EndGlobalSection
	GlobalSection(ExtensibilityGlobals) = postSolution
		SolutionGuid = {55F2B809-1586-4BF0-B9DB-506F5BA5A2FB}
	EndGlobalSection
EndGlobal
